
Microsoft Visual Studio Solution File, Format Version 12.00
# Visual Studio Version 17
VisualStudioVersion = 17.14.36310.24
MinimumVisualStudioVersion = 10.0.40219.1
Project("{FAE04EC0-301F-11D3-BF4B-00C04F79EFBC}") = "NetTestServer", "NetTestServer\NetTestServer.csproj", "{3357F605-5F39-4002-A4CA-9B32B552C70F}"
EndProject
Project("{FAE04EC0-301F-11D3-BF4B-00C04F79EFBC}") = "NetTestBLL", "NetTestBLL\NetTestBLL.csproj", "{59F111A4-356A-4CF6-9D64-D43068B38D93}"
EndProject
Project("{FAE04EC0-301F-11D3-BF4B-00C04F79EFBC}") = "NetTestModel", "NetTestModel\NetTestModel.csproj", "{37813B29-199A-4347-8145-0E9DFE3A9F3C}"
EndProject
Project("{FAE04EC0-301F-11D3-BF4B-00C04F79EFBC}") = "NetTestDAL", "NetTestDAL\NetTestDAL.csproj", "{4195C8FE-3CC5-40AA-AE55-6F4756857B51}"
EndProject
Project("{FAE04EC0-301F-11D3-BF4B-00C04F79EFBC}") = "NetTestClient", "NetTestClient\NetTestClient.csproj", "{8E5DCA1E-492A-49F1-BBD7-DCB4AAEC9BF9}"
EndProject
Global
	GlobalSection(SolutionConfigurationPlatforms) = preSolution
		Debug|Any CPU = Debug|Any CPU
		Release|Any CPU = Release|Any CPU
	EndGlobalSection
	GlobalSection(ProjectConfigurationPlatforms) = postSolution
		{3357F605-5F39-4002-A4CA-9B32B552C70F}.Debug|Any CPU.ActiveCfg = Debug|Any CPU
		{3357F605-5F39-4002-A4CA-9B32B552C70F}.Debug|Any CPU.Build.0 = Debug|Any CPU
		{3357F605-5F39-4002-A4CA-9B32B552C70F}.Release|Any CPU.ActiveCfg = Release|Any CPU
		{3357F605-5F39-4002-A4CA-9B32B552C70F}.Release|Any CPU.Build.0 = Release|Any CPU
		{59F111A4-356A-4CF6-9D64-D43068B38D93}.Debug|Any CPU.ActiveCfg = Debug|Any CPU
		{59F111A4-356A-4CF6-9D64-D43068B38D93}.Debug|Any CPU.Build.0 = Debug|Any CPU
		{59F111A4-356A-4CF6-9D64-D43068B38D93}.Release|Any CPU.ActiveCfg = Release|Any CPU
		{59F111A4-356A-4CF6-9D64-D43068B38D93}.Release|Any CPU.Build.0 = Release|Any CPU
		{37813B29-199A-4347-8145-0E9DFE3A9F3C}.Debug|Any CPU.ActiveCfg = Debug|Any CPU
		{37813B29-199A-4347-8145-0E9DFE3A9F3C}.Debug|Any CPU.Build.0 = Debug|Any CPU
		{37813B29-199A-4347-8145-0E9DFE3A9F3C}.Release|Any CPU.ActiveCfg = Release|Any CPU
		{37813B29-199A-4347-8145-0E9DFE3A9F3C}.Release|Any CPU.Build.0 = Release|Any CPU
		{4195C8FE-3CC5-40AA-AE55-6F4756857B51}.Debug|Any CPU.ActiveCfg = Debug|Any CPU
		{4195C8FE-3CC5-40AA-AE55-6F4756857B51}.Debug|Any CPU.Build.0 = Debug|Any CPU
		{4195C8FE-3CC5-40AA-AE55-6F4756857B51}.Release|Any CPU.ActiveCfg = Release|Any CPU
		{4195C8FE-3CC5-40AA-AE55-6F4756857B51}.Release|Any CPU.Build.0 = Release|Any CPU
		{8E5DCA1E-492A-49F1-BBD7-DCB4AAEC9BF9}.Debug|Any CPU.ActiveCfg = Debug|Any CPU
		{8E5DCA1E-492A-49F1-BBD7-DCB4AAEC9BF9}.Debug|Any CPU.Build.0 = Debug|Any CPU
		{8E5DCA1E-492A-49F1-BBD7-DCB4AAEC9BF9}.Release|Any CPU.ActiveCfg = Release|Any CPU
		{8E5DCA1E-492A-49F1-BBD7-DCB4AAEC9BF9}.Release|Any CPU.Build.0 = Release|Any CPU
	EndGlobalSection
	GlobalSection(SolutionProperties) = preSolution
		HideSolutionNode = FALSE
	EndGlobalSection
	GlobalSection(ExtensibilityGlobals) = postSolution
		SolutionGuid = {96080388-6A53-4026-BAEA-FB622D9AED69}
	EndGlobalSection
EndGlobal
